
Microsoft Visual Studio Solution File, Format Version 12.00
# Visual Studio Version 16
VisualStudioVersion = 16.0.31424.327
MinimumVisualStudioVersion = 10.0.40219.1
Project("{FAE04EC0-301F-11D3-BF4B-00C04F79EFBC}") = "UrbanPlanner", "UrbanPlanner.csproj", "{A187C327-3117-44AC-A304-99911DF5F486}"
EndProject
Global
	GlobalSection(SolutionConfigurationPlatforms) = preSolution
		Debug|Any CPU = Debug|Any CPU
		Release|Any CPU = Release|Any CPU
	EndGlobalSection
	GlobalSection(ProjectConfigurationPlatforms) = postSolution
		{A187C327-3117-44AC-A304-99911DF5F486}.Debug|Any CPU.ActiveCfg = Debug|Any CPU
		{A187C327-3117-44AC-A304-99911DF5F486}.Debug|Any CPU.Build.0 = Debug|Any CPU
		{A187C327-3117-44AC-A304-99911DF5F486}.Release|Any CPU.ActiveCfg = Release|Any CPU
		{A187C327-3117-44AC-A304-99911DF5F486}.Release|Any CPU.Build.0 = Release|Any CPU
	EndGlobalSection
	GlobalSection(SolutionProperties) = preSolution
		HideSolutionNode = FALSE
	EndGlobalSection
	GlobalSection(ExtensibilityGlobals) = postSolution
		SolutionGuid = {17E00D0E-9361-4C93-805C-E9C147815385}
	EndGlobalSection
EndGlobal
